// !$*UTF8*$!
{
	archiveVersion = 1;
	classes = {
	};
	objectVersion = 50;
	objects = {

/* Begin PBXBuildFile section */
		9F4FA219237D1A7400B54FAC /* AppDelegate.swift in Sources */ = {isa = PBXBuildFile; fileRef = 9F4FA218237D1A7400B54FAC /* AppDelegate.swift */; };
		9F4FA21E237D1A7400B54FAC /* Main.storyboard in Resources */ = {isa = PBXBuildFile; fileRef = 9F4FA21C237D1A7400B54FAC /* Main.storyboard */; };
		9F4FA220237D1A7600B54FAC /* Assets.xcassets in Resources */ = {isa = PBXBuildFile; fileRef = 9F4FA21F237D1A7600B54FAC /* Assets.xcassets */; };
		9F4FA223237D1A7600B54FAC /* LaunchScreen.storyboard in Resources */ = {isa = PBXBuildFile; fileRef = 9F4FA221237D1A7600B54FAC /* LaunchScreen.storyboard */; };
		9F4FA22E237D1A7700B54FAC /* NewsTests.swift in Sources */ = {isa = PBXBuildFile; fileRef = 9F4FA22D237D1A7700B54FAC /* NewsTests.swift */; };
		9F4FA23A237D1D5100B54FAC /* NewsListTableViewController.swift in Sources */ = {isa = PBXBuildFile; fileRef = 9F4FA239237D1D5100B54FAC /* NewsListTableViewController.swift */; };
		9F4FA23B237D1D5100B54FAC /* NewsListTableViewController.swift in Sources */ = {isa = PBXBuildFile; fileRef = 9F4FA239237D1D5100B54FAC /* NewsListTableViewController.swift */; };
		9F72965F2380BE14001B3FF5 /* ArticleViewModel.swift in Sources */ = {isa = PBXBuildFile; fileRef = 9F72965E2380BE14001B3FF5 /* ArticleViewModel.swift */; };
		9F7296602380BE14001B3FF5 /* ArticleViewModel.swift in Sources */ = {isa = PBXBuildFile; fileRef = 9F72965E2380BE14001B3FF5 /* ArticleViewModel.swift */; };
		9F7296632380C825001B3FF5 /* ArticleTableViewCell.swift in Sources */ = {isa = PBXBuildFile; fileRef = 9F7296622380C825001B3FF5 /* ArticleTableViewCell.swift */; };
		9F7296642380C825001B3FF5 /* ArticleTableViewCell.swift in Sources */ = {isa = PBXBuildFile; fileRef = 9F7296622380C825001B3FF5 /* ArticleTableViewCell.swift */; };
		9F93047A237F727C00731090 /* WebService.swift in Sources */ = {isa = PBXBuildFile; fileRef = 9F930479237F727C00731090 /* WebService.swift */; };
		9F93047B237F727C00731090 /* WebService.swift in Sources */ = {isa = PBXBuildFile; fileRef = 9F930479237F727C00731090 /* WebService.swift */; };
		9F93047E237F7D8300731090 /* Article.swift in Sources */ = {isa = PBXBuildFile; fileRef = 9F93047D237F7D8300731090 /* Article.swift */; };
		9F93047F237F7D8300731090 /* Article.swift in Sources */ = {isa = PBXBuildFile; fileRef = 9F93047D237F7D8300731090 /* Article.swift */; };
/* End PBXBuildFile section */

/* Begin PBXContainerItemProxy section */
		9F4FA22A237D1A7700B54FAC /* PBXContainerItemProxy */ = {
			isa = PBXContainerItemProxy;
			containerPortal = 9F4FA20D237D1A7400B54FAC /* Project object */;
			proxyType = 1;
			remoteGlobalIDString = 9F4FA214237D1A7400B54FAC;
			remoteInfo = News;
		};
/* End PBXContainerItemProxy section */

/* Begin PBXFileReference section */
		9F4FA215237D1A7400B54FAC /* News.app */ = {isa = PBXFileReference; explicitFileType = wrapper.application; includeInIndex = 0; path = News.app; sourceTree = BUILT_PRODUCTS_DIR; };
		9F4FA218237D1A7400B54FAC /* AppDelegate.swift */ = {isa = PBXFileReference; lastKnownFileType = sourcecode.swift; path = AppDelegate.swift; sourceTree = "<group>"; };
		9F4FA21D237D1A7400B54FAC /* Base */ = {isa = PBXFileReference; lastKnownFileType = file.storyboard; name = Base; path = Base.lproj/Main.storyboard; sourceTree = "<group>"; };
		9F4FA21F237D1A7600B54FAC /* Assets.xcassets */ = {isa = PBXFileReference; lastKnownFileType = folder.assetcatalog; path = Assets.xcassets; sourceTree = "<group>"; };
		9F4FA222237D1A7600B54FAC /* Base */ = {isa = PBXFileReference; lastKnownFileType = file.storyboard; name = Base; path = Base.lproj/LaunchScreen.storyboard; sourceTree = "<group>"; };
		9F4FA224237D1A7600B54FAC /* Info.plist */ = {isa = PBXFileReference; lastKnownFileType = text.plist.xml; path = Info.plist; sourceTree = "<group>"; };
		9F4FA229237D1A7700B54FAC /* NewsTests.xctest */ = {isa = PBXFileReference; explicitFileType = wrapper.cfbundle; includeInIndex = 0; path = NewsTests.xctest; sourceTree = BUILT_PRODUCTS_DIR; };
		9F4FA22D237D1A7700B54FAC /* NewsTests.swift */ = {isa = PBXFileReference; lastKnownFileType = sourcecode.swift; path = NewsTests.swift; sourceTree = "<group>"; };
		9F4FA22F237D1A7700B54FAC /* Info.plist */ = {isa = PBXFileReference; lastKnownFileType = text.plist.xml; path = Info.plist; sourceTree = "<group>"; };
		9F4FA239237D1D5100B54FAC /* NewsListTableViewController.swift */ = {isa = PBXFileReference; lastKnownFileType = sourcecode.swift; path = NewsListTableViewController.swift; sourceTree = "<group>"; };
		9F72965E2380BE14001B3FF5 /* ArticleViewModel.swift */ = {isa = PBXFileReference; lastKnownFileType = sourcecode.swift; path = ArticleViewModel.swift; sourceTree = "<group>"; };
		9F7296622380C825001B3FF5 /* ArticleTableViewCell.swift */ = {isa = PBXFileReference; lastKnownFileType = sourcecode.swift; path = ArticleTableViewCell.swift; sourceTree = "<group>"; };
		9F930479237F727C00731090 /* WebService.swift */ = {isa = PBXFileReference; lastKnownFileType = sourcecode.swift; path = WebService.swift; sourceTree = "<group>"; };
		9F93047D237F7D8300731090 /* Article.swift */ = {isa = PBXFileReference; lastKnownFileType = sourcecode.swift; path = Article.swift; sourceTree = "<group>"; };
/* End PBXFileReference section */

/* Begin PBXFrameworksBuildPhase section */
		9F4FA212237D1A7400B54FAC /* Frameworks */ = {
			isa = PBXFrameworksBuildPhase;
			buildActionMask = 2147483647;
			files = (
			);
			runOnlyForDeploymentPostprocessing = 0;
		};
		9F4FA226237D1A7700B54FAC /* Frameworks */ = {
			isa = PBXFrameworksBuildPhase;
			buildActionMask = 2147483647;
			files = (
			);
			runOnlyForDeploymentPostprocessing = 0;
		};
/* End PBXFrameworksBuildPhase section */

/* Begin PBXGroup section */
		9F4FA20C237D1A7400B54FAC = {
			isa = PBXGroup;
			children = (
				9F4FA217237D1A7400B54FAC /* News */,
				9F4FA22C237D1A7700B54FAC /* NewsTests */,
				9F4FA216237D1A7400B54FAC /* Products */,
			);
			sourceTree = "<group>";
		};
		9F4FA216237D1A7400B54FAC /* Products */ = {
			isa = PBXGroup;
			children = (
				9F4FA215237D1A7400B54FAC /* News.app */,
				9F4FA229237D1A7700B54FAC /* NewsTests.xctest */,
			);
			name = Products;
			sourceTree = "<group>";
		};
		9F4FA217237D1A7400B54FAC /* News */ = {
			isa = PBXGroup;
			children = (
				9F7296612380C80E001B3FF5 /* Cells */,
				9F72965D2380BD5A001B3FF5 /* View Models */,
				9F93047C237F7D6A00731090 /* Models */,
				9F930478237F725B00731090 /* Services */,
				9F4FA238237D1CD700B54FAC /* Controllers */,
				9F4FA218237D1A7400B54FAC /* AppDelegate.swift */,
				9F4FA21C237D1A7400B54FAC /* Main.storyboard */,
				9F4FA21F237D1A7600B54FAC /* Assets.xcassets */,
				9F4FA221237D1A7600B54FAC /* LaunchScreen.storyboard */,
				9F4FA224237D1A7600B54FAC /* Info.plist */,
			);
			path = News;
			sourceTree = "<group>";
		};
		9F4FA22C237D1A7700B54FAC /* NewsTests */ = {
			isa = PBXGroup;
			children = (
				9F4FA22D237D1A7700B54FAC /* NewsTests.swift */,
				9F4FA22F237D1A7700B54FAC /* Info.plist */,
			);
			path = NewsTests;
			sourceTree = "<group>";
		};
		9F4FA238237D1CD700B54FAC /* Controllers */ = {
			isa = PBXGroup;
			children = (
				9F4FA239237D1D5100B54FAC /* NewsListTableViewController.swift */,
			);
			path = Controllers;
			sourceTree = "<group>";
		};
		9F72965D2380BD5A001B3FF5 /* View Models */ = {
			isa = PBXGroup;
			children = (
				9F72965E2380BE14001B3FF5 /* ArticleViewModel.swift */,
			);
			path = "View Models";
			sourceTree = "<group>";
		};
		9F7296612380C80E001B3FF5 /* Cells */ = {
			isa = PBXGroup;
			children = (
				9F7296622380C825001B3FF5 /* ArticleTableViewCell.swift */,
			);
			path = Cells;
			sourceTree = "<group>";
		};
		9F930478237F725B00731090 /* Services */ = {
			isa = PBXGroup;
			children = (
				9F930479237F727C00731090 /* WebService.swift */,
			);
			path = Services;
			sourceTree = "<group>";
		};
		9F93047C237F7D6A00731090 /* Models */ = {
			isa = PBXGroup;
			children = (
				9F93047D237F7D8300731090 /* Article.swift */,
			);
			path = Models;
			sourceTree = "<group>";
		};
/* End PBXGroup section */

/* Begin PBXNativeTarget section */
		9F4FA214237D1A7400B54FAC /* News */ = {
			isa = PBXNativeTarget;
			buildConfigurationList = 9F4FA232237D1A7700B54FAC /* Build configuration list for PBXNativeTarget "News" */;
			buildPhases = (
				9F4FA211237D1A7400B54FAC /* Sources */,
				9F4FA212237D1A7400B54FAC /* Frameworks */,
				9F4FA213237D1A7400B54FAC /* Resources */,
			);
			buildRules = (
			);
			dependencies = (
			);
			name = News;
			productName = News;
			productReference = 9F4FA215237D1A7400B54FAC /* News.app */;
			productType = "com.apple.product-type.application";
		};
		9F4FA228237D1A7700B54FAC /* NewsTests */ = {
			isa = PBXNativeTarget;
			buildConfigurationList = 9F4FA235237D1A7700B54FAC /* Build configuration list for PBXNativeTarget "NewsTests" */;
			buildPhases = (
				9F4FA225237D1A7700B54FAC /* Sources */,
				9F4FA226237D1A7700B54FAC /* Frameworks */,
				9F4FA227237D1A7700B54FAC /* Resources */,
			);
			buildRules = (
			);
			dependencies = (
				9F4FA22B237D1A7700B54FAC /* PBXTargetDependency */,
			);
			name = NewsTests;
			productName = NewsTests;
			productReference = 9F4FA229237D1A7700B54FAC /* NewsTests.xctest */;
			productType = "com.apple.product-type.bundle.unit-test";
		};
/* End PBXNativeTarget section */

/* Begin PBXProject section */
		9F4FA20D237D1A7400B54FAC /* Project object */ = {
			isa = PBXProject;
			attributes = {
				LastSwiftUpdateCheck = 1020;
				LastUpgradeCheck = 1020;
				ORGANIZATIONNAME = "Channabasavesh Chandrappa Budihal";
				TargetAttributes = {
					9F4FA214237D1A7400B54FAC = {
						CreatedOnToolsVersion = 10.2.1;
					};
					9F4FA228237D1A7700B54FAC = {
						CreatedOnToolsVersion = 10.2.1;
						TestTargetID = 9F4FA214237D1A7400B54FAC;
					};
				};
			};
			buildConfigurationList = 9F4FA210237D1A7400B54FAC /* Build configuration list for PBXProject "News" */;
			compatibilityVersion = "Xcode 9.3";
			developmentRegion = en;
			hasScannedForEncodings = 0;
			knownRegions = (
				en,
				Base,
			);
			mainGroup = 9F4FA20C237D1A7400B54FAC;
			productRefGroup = 9F4FA216237D1A7400B54FAC /* Products */;
			projectDirPath = "";
			projectRoot = "";
			targets = (
				9F4FA214237D1A7400B54FAC /* News */,
				9F4FA228237D1A7700B54FAC /* NewsTests */,
			);
		};
/* End PBXProject section */

/* Begin PBXResourcesBuildPhase section */
		9F4FA213237D1A7400B54FAC /* Resources */ = {
			isa = PBXResourcesBuildPhase;
			buildActionMask = 2147483647;
			files = (
				9F4FA223237D1A7600B54FAC /* LaunchScreen.storyboard in Resources */,
				9F4FA220237D1A7600B54FAC /* Assets.xcassets in Resources */,
				9F4FA21E237D1A7400B54FAC /* Main.storyboard in Resources */,
			);
			runOnlyForDeploymentPostprocessing = 0;
		};
		9F4FA227237D1A7700B54FAC /* Resources */ = {
			isa = PBXResourcesBuildPhase;
			buildActionMask = 2147483647;
			files = (
			);
			runOnlyForDeploymentPostprocessing = 0;
		};
/* End PBXResourcesBuildPhase section */

/* Begin PBXSourcesBuildPhase section */
		9F4FA211237D1A7400B54FAC /* Sources */ = {
			isa = PBXSourcesBuildPhase;
			buildActionMask = 2147483647;
			files = (
				9F93047E237F7D8300731090 /* Article.swift in Sources */,
				9F93047A237F727C00731090 /* WebService.swift in Sources */,
				9F4FA23A237D1D5100B54FAC /* NewsListTableViewController.swift in Sources */,
				9F72965F2380BE14001B3FF5 /* ArticleViewModel.swift in Sources */,
				9F7296632380C825001B3FF5 /* ArticleTableViewCell.swift in Sources */,
				9F4FA219237D1A7400B54FAC /* AppDelegate.swift in Sources */,
			);
			runOnlyForDeploymentPostprocessing = 0;
		};
		9F4FA225237D1A7700B54FAC /* Sources */ = {
			isa = PBXSourcesBuildPhase;
			buildActionMask = 2147483647;
			files = (
				9F93047F237F7D8300731090 /* Article.swift in Sources */,
				9F93047B237F727C00731090 /* WebService.swift in Sources */,
				9F4FA23B237D1D5100B54FAC /* NewsListTableViewController.swift in Sources */,
				9F7296602380BE14001B3FF5 /* ArticleViewModel.swift in Sources */,
				9F7296642380C825001B3FF5 /* ArticleTableViewCell.swift in Sources */,
				9F4FA22E237D1A7700B54FAC /* NewsTests.swift in Sources */,
			);
			runOnlyForDeploymentPostprocessing = 0;
		};
/* End PBXSourcesBuildPhase section */

/* Begin PBXTargetDependency section */
		9F4FA22B237D1A7700B54FAC /* PBXTargetDependency */ = {
			isa = PBXTargetDependency;
			target = 9F4FA214237D1A7400B54FAC /* News */;
			targetProxy = 9F4FA22A237D1A7700B54FAC /* PBXContainerItemProxy */;
		};
/* End PBXTargetDependency section */

/* Begin PBXVariantGroup section */
		9F4FA21C237D1A7400B54FAC /* Main.storyboard */ = {
			isa = PBXVariantGroup;
			children = (
				9F4FA21D237D1A7400B54FAC /* Base */,
			);
			name = Main.storyboard;
			sourceTree = "<group>";
		};
		9F4FA221237D1A7600B54FAC /* LaunchScreen.storyboard */ = {
			isa = PBXVariantGroup;
			children = (
				9F4FA222237D1A7600B54FAC /* Base */,
			);
			name = LaunchScreen.storyboard;
			sourceTree = "<group>";
		};
/* End PBXVariantGroup section */

/* Begin XCBuildConfiguration section */
		9F4FA230237D1A7700B54FAC /* Debug */ = {
			isa = XCBuildConfiguration;
			buildSettings = {
				ALWAYS_SEARCH_USER_PATHS = NO;
				CLANG_ANALYZER_NONNULL = YES;
				CLANG_ANALYZER_NUMBER_OBJECT_CONVERSION = YES_AGGRESSIVE;
				CLANG_CXX_LANGUAGE_STANDARD = "gnu++14";
				CLANG_CXX_LIBRARY = "libc++";
				CLANG_ENABLE_MODULES = YES;
				CLANG_ENABLE_OBJC_ARC = YES;
				CLANG_ENABLE_OBJC_WEAK = YES;
				CLANG_WARN_BLOCK_CAPTURE_AUTORELEASING = YES;
				CLANG_WARN_BOOL_CONVERSION = YES;
				CLANG_WARN_COMMA = YES;
				CLANG_WARN_CONSTANT_CONVERSION = YES;
				CLANG_WARN_DEPRECATED_OBJC_IMPLEMENTATIONS = YES;
				CLANG_WARN_DIRECT_OBJC_ISA_USAGE = YES_ERROR;
				CLANG_WARN_DOCUMENTATION_COMMENTS = YES;
				CLANG_WARN_EMPTY_BODY = YES;
				CLANG_WARN_ENUM_CONVERSION = YES;
				CLANG_WARN_INFINITE_RECURSION = YES;
				CLANG_WARN_INT_CONVERSION = YES;
				CLANG_WARN_NON_LITERAL_NULL_CONVERSION = YES;
				CLANG_WARN_OBJC_IMPLICIT_RETAIN_SELF = YES;
				CLANG_WARN_OBJC_LITERAL_CONVERSION = YES;
				CLANG_WARN_OBJC_ROOT_CLASS = YES_ERROR;
				CLANG_WARN_RANGE_LOOP_ANALYSIS = YES;
				CLANG_WARN_STRICT_PROTOTYPES = YES;
				CLANG_WARN_SUSPICIOUS_MOVE = YES;
				CLANG_WARN_UNGUARDED_AVAILABILITY = YES_AGGRESSIVE;
				CLANG_WARN_UNREACHABLE_CODE = YES;
				CLANG_WARN__DUPLICATE_METHOD_MATCH = YES;
				CODE_SIGN_IDENTITY = "iPhone Developer";
				COPY_PHASE_STRIP = NO;
				DEBUG_INFORMATION_FORMAT = dwarf;
				ENABLE_STRICT_OBJC_MSGSEND = YES;
				ENABLE_TESTABILITY = YES;
				GCC_C_LANGUAGE_STANDARD = gnu11;
				GCC_DYNAMIC_NO_PIC = NO;
				GCC_NO_COMMON_BLOCKS = YES;
				GCC_OPTIMIZATION_LEVEL = 0;
				GCC_PREPROCESSOR_DEFINITIONS = (
					"DEBUG=1",
					"$(inherited)",
				);
				GCC_WARN_64_TO_32_BIT_CONVERSION = YES;
				GCC_WARN_ABOUT_RETURN_TYPE = YES_ERROR;
				GCC_WARN_UNDECLARED_SELECTOR = YES;
				GCC_WARN_UNINITIALIZED_AUTOS = YES_AGGRESSIVE;
				GCC_WARN_UNUSED_FUNCTION = YES;
				GCC_WARN_UNUSED_VARIABLE = YES;
				IPHONEOS_DEPLOYMENT_TARGET = 12.2;
				MTL_ENABLE_DEBUG_INFO = INCLUDE_SOURCE;
				MTL_FAST_MATH = YES;
				ONLY_ACTIVE_ARCH = YES;
				SDKROOT = iphoneos;
				SWIFT_ACTIVE_COMPILATION_CONDITIONS = DEBUG;
				SWIFT_OPTIMIZATION_LEVEL = "-Onone";
			};
			name = Debug;
		};
		9F4FA231237D1A7700B54FAC /* Release */ = {
			isa = XCBuildConfiguration;
			buildSettings = {
				ALWAYS_SEARCH_USER_PATHS = NO;
				CLANG_ANALYZER_NONNULL = YES;
				CLANG_ANALYZER_NUMBER_OBJECT_CONVERSION = YES_AGGRESSIVE;
				CLANG_CXX_LANGUAGE_STANDARD = "gnu++14";
				CLANG_CXX_LIBRARY = "libc++";
				CLANG_ENABLE_MODULES = YES;
				CLANG_ENABLE_OBJC_ARC = YES;
				CLANG_ENABLE_OBJC_WEAK = YES;
				CLANG_WARN_BLOCK_CAPTURE_AUTORELEASING = YES;
				CLANG_WARN_BOOL_CONVERSION = YES;
				CLANG_WARN_COMMA = YES;
				CLANG_WARN_CONSTANT_CONVERSION = YES;
				CLANG_WARN_DEPRECATED_OBJC_IMPLEMENTATIONS = YES;
				CLANG_WARN_DIRECT_OBJC_ISA_USAGE = YES_ERROR;
				CLANG_WARN_DOCUMENTATION_COMMENTS = YES;
				CLANG_WARN_EMPTY_BODY = YES;
				CLANG_WARN_ENUM_CONVERSION = YES;
				CLANG_WARN_INFINITE_RECURSION = YES;
				CLANG_WARN_INT_CONVERSION = YES;
				CLANG_WARN_NON_LITERAL_NULL_CONVERSION = YES;
				CLANG_WARN_OBJC_IMPLICIT_RETAIN_SELF = YES;
				CLANG_WARN_OBJC_LITERAL_CONVERSION = YES;
				CLANG_WARN_OBJC_ROOT_CLASS = YES_ERROR;
				CLANG_WARN_RANGE_LOOP_ANALYSIS = YES;
				CLANG_WARN_STRICT_PROTOTYPES = YES;
				CLANG_WARN_SUSPICIOUS_MOVE = YES;
				CLANG_WARN_UNGUARDED_AVAILABILITY = YES_AGGRESSIVE;
				CLANG_WARN_UNREACHABLE_CODE = YES;
				CLANG_WARN__DUPLICATE_METHOD_MATCH = YES;
				CODE_SIGN_IDENTITY = "iPhone Developer";
				COPY_PHASE_STRIP = NO;
				DEBUG_INFORMATION_FORMAT = "dwarf-with-dsym";
				ENABLE_NS_ASSERTIONS = NO;
				ENABLE_STRICT_OBJC_MSGSEND = YES;
				GCC_C_LANGUAGE_STANDARD = gnu11;
				GCC_NO_COMMON_BLOCKS = YES;
				GCC_WARN_64_TO_32_BIT_CONVERSION = YES;
				GCC_WARN_ABOUT_RETURN_TYPE = YES_ERROR;
				GCC_WARN_UNDECLARED_SELECTOR = YES;
				GCC_WARN_UNINITIALIZED_AUTOS = YES_AGGRESSIVE;
				GCC_WARN_UNUSED_FUNCTION = YES;
				GCC_WARN_UNUSED_VARIABLE = YES;
				IPHONEOS_DEPLOYMENT_TARGET = 12.2;
				MTL_ENABLE_DEBUG_INFO = NO;
				MTL_FAST_MATH = YES;
				SDKROOT = iphoneos;
				SWIFT_COMPILATION_MODE = wholemodule;
				SWIFT_OPTIMIZATION_LEVEL = "-O";
				VALIDATE_PRODUCT = YES;
			};
			name = Release;
		};
		9F4FA233237D1A7700B54FAC /* Debug */ = {
			isa = XCBuildConfiguration;
			buildSettings = {
				ASSETCATALOG_COMPILER_APPICON_NAME = AppIcon;
				CODE_SIGN_STYLE = Automatic;
				DEVELOPMENT_TEAM = HGJN89WB57;
				INFOPLIST_FILE = News/Info.plist;
				LD_RUNPATH_SEARCH_PATHS = (
					"$(inherited)",
					"@executable_path/Frameworks",
				);
				PRODUCT_BUNDLE_IDENTIFIER = com.exilant.News;
				PRODUCT_NAME = "$(TARGET_NAME)";
				SWIFT_VERSION = 5.0;
				TARGETED_DEVICE_FAMILY = "1,2";
			};
			name = Debug;
		};
		9F4FA234237D1A7700B54FAC /* Release */ = {
			isa = XCBuildConfiguration;
			buildSettings = {
				ASSETCATALOG_COMPILER_APPICON_NAME = AppIcon;
				CODE_SIGN_STYLE = Automatic;
				DEVELOPMENT_TEAM = HGJN89WB57;
				INFOPLIST_FILE = News/Info.plist;
				LD_RUNPATH_SEARCH_PATHS = (
					"$(inherited)",
					"@executable_path/Frameworks",
				);
				PRODUCT_BUNDLE_IDENTIFIER = com.exilant.News;
				PRODUCT_NAME = "$(TARGET_NAME)";
				SWIFT_VERSION = 5.0;
				TARGETED_DEVICE_FAMILY = "1,2";
			};
			name = Release;
		};
		9F4FA236237D1A7700B54FAC /* Debug */ = {
			isa = XCBuildConfiguration;
			buildSettings = {
				ALWAYS_EMBED_SWIFT_STANDARD_LIBRARIES = YES;
				BUNDLE_LOADER = "$(TEST_HOST)";
				CODE_SIGN_STYLE = Automatic;
				DEVELOPMENT_TEAM = HGJN89WB57;
				INFOPLIST_FILE = NewsTests/Info.plist;
				LD_RUNPATH_SEARCH_PATHS = (
					"$(inherited)",
					"@executable_path/Frameworks",
					"@loader_path/Frameworks",
				);
				PRODUCT_BUNDLE_IDENTIFIER = com.exilant.NewsTests;
				PRODUCT_NAME = "$(TARGET_NAME)";
				SWIFT_VERSION = 5.0;
				TARGETED_DEVICE_FAMILY = "1,2";
				TEST_HOST = "$(BUILT_PRODUCTS_DIR)/News.app/News";
			};
			name = Debug;
		};
		9F4FA237237D1A7700B54FAC /* Release */ = {
			isa = XCBuildConfiguration;
			buildSettings = {
				ALWAYS_EMBED_SWIFT_STANDARD_LIBRARIES = YES;
				BUNDLE_LOADER = "$(TEST_HOST)";
				CODE_SIGN_STYLE = Automatic;
				DEVELOPMENT_TEAM = HGJN89WB57;
				INFOPLIST_FILE = NewsTests/Info.plist;
				LD_RUNPATH_SEARCH_PATHS = (
					"$(inherited)",
					"@executable_path/Frameworks",
					"@loader_path/Frameworks",
				);
				PRODUCT_BUNDLE_IDENTIFIER = com.exilant.NewsTests;
				PRODUCT_NAME = "$(TARGET_NAME)";
				SWIFT_VERSION = 5.0;
				TARGETED_DEVICE_FAMILY = "1,2";
				TEST_HOST = "$(BUILT_PRODUCTS_DIR)/News.app/News";
			};
			name = Release;
		};
/* End XCBuildConfiguration section */

/* Begin XCConfigurationList section */
		9F4FA210237D1A7400B54FAC /* Build configuration list for PBXProject "News" */ = {
			isa = XCConfigurationList;
			buildConfigurations = (
				9F4FA230237D1A7700B54FAC /* Debug */,
				9F4FA231237D1A7700B54FAC /* Release */,
			);
			defaultConfigurationIsVisible = 0;
			defaultConfigurationName = Release;
		};
		9F4FA232237D1A7700B54FAC /* Build configuration list for PBXNativeTarget "News" */ = {
			isa = XCConfigurationList;
			buildConfigurations = (
				9F4FA233237D1A7700B54FAC /* Debug */,
				9F4FA234237D1A7700B54FAC /* Release */,
			);
			defaultConfigurationIsVisible = 0;
			defaultConfigurationName = Release;
		};
		9F4FA235237D1A7700B54FAC /* Build configuration list for PBXNativeTarget "NewsTests" */ = {
			isa = XCConfigurationList;
			buildConfigurations = (
				9F4FA236237D1A7700B54FAC /* Debug */,
				9F4FA237237D1A7700B54FAC /* Release */,
			);
			defaultConfigurationIsVisible = 0;
			defaultConfigurationName = Release;
		};
/* End XCConfigurationList section */
	};
	rootObject = 9F4FA20D237D1A7400B54FAC /* Project object */;
}
